// !$*UTF8*$!
{
	archiveVersion = 1;
	classes = {
	};
	objectVersion = 56;
	objects = {

/* Begin PBXBuildFile section */
		3CD6C4872CAF3DA000AD48C3 /* Cruz_RojaApp.swift in Sources */ = {isa = PBXBuildFile; fileRef = 3CD6C4862CAF3DA000AD48C3 /* Cruz_RojaApp.swift */; };
		3CD6C48E2CAF3DA200AD48C3 /* Preview Assets.xcassets in Resources */ = {isa = PBXBuildFile; fileRef = 3CD6C48D2CAF3DA200AD48C3 /* Preview Assets.xcassets */; };
		3CD6C4902CAF3DA200AD48C3 /* Persistence.swift in Sources */ = {isa = PBXBuildFile; fileRef = 3CD6C48F2CAF3DA200AD48C3 /* Persistence.swift */; };
		3CD6C4932CAF3DA200AD48C3 /* Cruz_Roja.xcdatamodeld in Sources */ = {isa = PBXBuildFile; fileRef = 3CD6C4912CAF3DA200AD48C3 /* Cruz_Roja.xcdatamodeld */; };
		3CD6C49A2CAF3E4D00AD48C3 /* Repositorio in Resources */ = {isa = PBXBuildFile; fileRef = 3CD6C4992CAF3E4D00AD48C3 /* Repositorio */; };
		3CD6C4A32CAF3EB000AD48C3 /* HomeView.swift in Sources */ = {isa = PBXBuildFile; fileRef = 3CD6C49D2CAF3EB000AD48C3 /* HomeView.swift */; };
		3CD6C4A42CAF3EB000AD48C3 /* DismissView.swift in Sources */ = {isa = PBXBuildFile; fileRef = 3CD6C49E2CAF3EB000AD48C3 /* DismissView.swift */; };
		3CD6C4A52CAF3EB000AD48C3 /* Dengue.swift in Sources */ = {isa = PBXBuildFile; fileRef = 3CD6C49F2CAF3EB000AD48C3 /* Dengue.swift */; };
		3CD6C4A62CAF3EB000AD48C3 /* ContentView.swift in Sources */ = {isa = PBXBuildFile; fileRef = 3CD6C4A02CAF3EB000AD48C3 /* ContentView.swift */; };
		3CD6C4A72CAF3EB000AD48C3 /* GoogleService-Info.plist in Resources */ = {isa = PBXBuildFile; fileRef = 3CD6C4A12CAF3EB000AD48C3 /* GoogleService-Info.plist */; };
		3CD6C4A82CAF3EB000AD48C3 /* Consulta.swift in Sources */ = {isa = PBXBuildFile; fileRef = 3CD6C4A22CAF3EB000AD48C3 /* Consulta.swift */; };
		3CD6C4AA2CAF3EDA00AD48C3 /* boton.swift in Sources */ = {isa = PBXBuildFile; fileRef = 3CD6C4A92CAF3EDA00AD48C3 /* boton.swift */; };
		3CD6C4AC2CAF3EE300AD48C3 /* Autenticacion in Resources */ = {isa = PBXBuildFile; fileRef = 3CD6C4AB2CAF3EE300AD48C3 /* Autenticacion */; };
		3CD6C4B22CAF3FC800AD48C3 /* Assets.xcassets in Resources */ = {isa = PBXBuildFile; fileRef = 3CD6C4B12CAF3FC800AD48C3 /* Assets.xcassets */; };
		3CD6C4B42CAF3FE800AD48C3 /* Preview Assets.xcassets in Resources */ = {isa = PBXBuildFile; fileRef = 3CD6C4B32CAF3FE800AD48C3 /* Preview Assets.xcassets */; };
/* End PBXBuildFile section */

/* Begin PBXFileReference section */
		3CD6C4832CAF3DA000AD48C3 /* Cruz-Roja.app */ = {isa = PBXFileReference; explicitFileType = wrapper.application; includeInIndex = 0; path = "Cruz-Roja.app"; sourceTree = BUILT_PRODUCTS_DIR; };
		3CD6C4862CAF3DA000AD48C3 /* Cruz_RojaApp.swift */ = {isa = PBXFileReference; lastKnownFileType = sourcecode.swift; path = Cruz_RojaApp.swift; sourceTree = "<group>"; };
		3CD6C48D2CAF3DA200AD48C3 /* Preview Assets.xcassets */ = {isa = PBXFileReference; lastKnownFileType = folder.assetcatalog; path = "Preview Assets.xcassets"; sourceTree = "<group>"; };
		3CD6C48F2CAF3DA200AD48C3 /* Persistence.swift */ = {isa = PBXFileReference; lastKnownFileType = sourcecode.swift; path = Persistence.swift; sourceTree = "<group>"; };
		3CD6C4922CAF3DA200AD48C3 /* Cruz_Roja.xcdatamodel */ = {isa = PBXFileReference; lastKnownFileType = wrapper.xcdatamodel; path = Cruz_Roja.xcdatamodel; sourceTree = "<group>"; };
		3CD6C4992CAF3E4D00AD48C3 /* Repositorio */ = {isa = PBXFileReference; lastKnownFileType = folder; name = Repositorio; path = "../../../../Downloads/Cruz-Roja-IOS-main 2/Repositorio"; sourceTree = "<group>"; };
		3CD6C49D2CAF3EB000AD48C3 /* HomeView.swift */ = {isa = PBXFileReference; fileEncoding = 4; lastKnownFileType = sourcecode.swift; name = HomeView.swift; path = "../../../../Downloads/Cruz-Roja-IOS-main 2/HomeView.swift"; sourceTree = "<group>"; };
		3CD6C49E2CAF3EB000AD48C3 /* DismissView.swift */ = {isa = PBXFileReference; fileEncoding = 4; lastKnownFileType = sourcecode.swift; name = DismissView.swift; path = "../../../../Downloads/Cruz-Roja-IOS-main 2/DismissView.swift"; sourceTree = "<group>"; };
		3CD6C49F2CAF3EB000AD48C3 /* Dengue.swift */ = {isa = PBXFileReference; fileEncoding = 4; lastKnownFileType = sourcecode.swift; name = Dengue.swift; path = "../../../../Downloads/Cruz-Roja-IOS-main 2/Dengue.swift"; sourceTree = "<group>"; };
		3CD6C4A02CAF3EB000AD48C3 /* ContentView.swift */ = {isa = PBXFileReference; fileEncoding = 4; lastKnownFileType = sourcecode.swift; name = ContentView.swift; path = "../../../../Downloads/Cruz-Roja-IOS-main 2/ContentView.swift"; sourceTree = "<group>"; };
		3CD6C4A12CAF3EB000AD48C3 /* GoogleService-Info.plist */ = {isa = PBXFileReference; fileEncoding = 4; lastKnownFileType = text.plist.xml; name = "GoogleService-Info.plist"; path = "../../../../Downloads/Cruz-Roja-IOS-main 2/GoogleService-Info.plist"; sourceTree = "<group>"; };
		3CD6C4A22CAF3EB000AD48C3 /* Consulta.swift */ = {isa = PBXFileReference; fileEncoding = 4; lastKnownFileType = sourcecode.swift; name = Consulta.swift; path = "../../../../Downloads/Cruz-Roja-IOS-main 2/Consulta.swift"; sourceTree = "<group>"; };
		3CD6C4A92CAF3EDA00AD48C3 /* boton.swift */ = {isa = PBXFileReference; fileEncoding = 4; lastKnownFileType = sourcecode.swift; name = boton.swift; path = "../../../../Downloads/Cruz-Roja-IOS-main 2/boton.swift"; sourceTree = "<group>"; };
		3CD6C4AB2CAF3EE300AD48C3 /* Autenticacion */ = {isa = PBXFileReference; lastKnownFileType = folder; name = Autenticacion; path = "../../../../Downloads/Cruz-Roja-IOS-main 2/Autenticacion"; sourceTree = "<group>"; };
		3CD6C4B12CAF3FC800AD48C3 /* Assets.xcassets */ = {isa = PBXFileReference; lastKnownFileType = folder.assetcatalog; name = Assets.xcassets; path = "../../../../Downloads/Cruz-Roja-IOS-main/Assets.xcassets"; sourceTree = "<group>"; };
		3CD6C4B32CAF3FE800AD48C3 /* Preview Assets.xcassets */ = {isa = PBXFileReference; lastKnownFileType = folder.assetcatalog; name = "Preview Assets.xcassets"; path = "../../../../../Downloads/Cruz-Roja-IOS-main/Preview Content/Preview Assets.xcassets"; sourceTree = "<group>"; };
/* End PBXFileReference section */

/* Begin PBXFrameworksBuildPhase section */
		3CD6C4802CAF3DA000AD48C3 /* Frameworks */ = {
			isa = PBXFrameworksBuildPhase;
			buildActionMask = 2147483647;
			files = (
			);
			runOnlyForDeploymentPostprocessing = 0;
		};
/* End PBXFrameworksBuildPhase section */

/* Begin PBXGroup section */
		3CD6C47A2CAF3DA000AD48C3 = {
			isa = PBXGroup;
			children = (
				3CD6C4852CAF3DA000AD48C3 /* Cruz-Roja */,
				3CD6C4842CAF3DA000AD48C3 /* Products */,
			);
			sourceTree = "<group>";
		};
		3CD6C4842CAF3DA000AD48C3 /* Products */ = {
			isa = PBXGroup;
			children = (
				3CD6C4832CAF3DA000AD48C3 /* Cruz-Roja.app */,
			);
			name = Products;
			sourceTree = "<group>";
		};
		3CD6C4852CAF3DA000AD48C3 /* Cruz-Roja */ = {
			isa = PBXGroup;
			children = (
				3CD6C4992CAF3E4D00AD48C3 /* Repositorio */,
				3CD6C4AB2CAF3EE300AD48C3 /* Autenticacion */,
				3CD6C4862CAF3DA000AD48C3 /* Cruz_RojaApp.swift */,
				3CD6C4A22CAF3EB000AD48C3 /* Consulta.swift */,
				3CD6C4A02CAF3EB000AD48C3 /* ContentView.swift */,
				3CD6C49F2CAF3EB000AD48C3 /* Dengue.swift */,
				3CD6C4A92CAF3EDA00AD48C3 /* boton.swift */,
				3CD6C49E2CAF3EB000AD48C3 /* DismissView.swift */,
				3CD6C4A12CAF3EB000AD48C3 /* GoogleService-Info.plist */,
				3CD6C49D2CAF3EB000AD48C3 /* HomeView.swift */,
				3CD6C48F2CAF3DA200AD48C3 /* Persistence.swift */,
				3CD6C48D2CAF3DA200AD48C3 /* Preview Assets.xcassets */,
				3CD6C4912CAF3DA200AD48C3 /* Cruz_Roja.xcdatamodeld */,
				3CD6C4B12CAF3FC800AD48C3 /* Assets.xcassets */,
				3CD6C48C2CAF3DA200AD48C3 /* Preview Content */,
			);
			path = "Cruz-Roja";
			sourceTree = "<group>";
		};
		3CD6C48C2CAF3DA200AD48C3 /* Preview Content */ = {
			isa = PBXGroup;
			children = (
				3CD6C4B32CAF3FE800AD48C3 /* Preview Assets.xcassets */,
			);
			path = "Preview Content";
			sourceTree = "<group>";
		};
/* End PBXGroup section */

/* Begin PBXNativeTarget section */
		3CD6C4822CAF3DA000AD48C3 /* Cruz-Roja */ = {
			isa = PBXNativeTarget;
			buildConfigurationList = 3CD6C4962CAF3DA200AD48C3 /* Build configuration list for PBXNativeTarget "Cruz-Roja" */;
			buildPhases = (
				3CD6C47F2CAF3DA000AD48C3 /* Sources */,
				3CD6C4802CAF3DA000AD48C3 /* Frameworks */,
				3CD6C4812CAF3DA000AD48C3 /* Resources */,
			);
			buildRules = (
			);
			dependencies = (
			);
			name = "Cruz-Roja";
			productName = "Cruz-Roja";
			productReference = 3CD6C4832CAF3DA000AD48C3 /* Cruz-Roja.app */;
			productType = "com.apple.product-type.application";
		};
/* End PBXNativeTarget section */

/* Begin PBXProject section */
		3CD6C47B2CAF3DA000AD48C3 /* Project object */ = {
			isa = PBXProject;
			attributes = {
				BuildIndependentTargetsInParallel = 1;
				LastSwiftUpdateCheck = 1430;
				LastUpgradeCheck = 1430;
				TargetAttributes = {
					3CD6C4822CAF3DA000AD48C3 = {
						CreatedOnToolsVersion = 14.3.1;
					};
				};
			};
			buildConfigurationList = 3CD6C47E2CAF3DA000AD48C3 /* Build configuration list for PBXProject "Cruz-Roja" */;
			compatibilityVersion = "Xcode 14.0";
			developmentRegion = en;
			hasScannedForEncodings = 0;
			knownRegions = (
				en,
				Base,
			);
			mainGroup = 3CD6C47A2CAF3DA000AD48C3;
			packageReferences = (
				3CD6C4B52CAF418800AD48C3 /* XCRemoteSwiftPackageReference "firebase-ios-sdk" */,
			);
			productRefGroup = 3CD6C4842CAF3DA000AD48C3 /* Products */;
			projectDirPath = "";
			projectRoot = "";
			targets = (
				3CD6C4822CAF3DA000AD48C3 /* Cruz-Roja */,
			);
		};
/* End PBXProject section */

/* Begin PBXResourcesBuildPhase section */
		3CD6C4812CAF3DA000AD48C3 /* Resources */ = {
			isa = PBXResourcesBuildPhase;
			buildActionMask = 2147483647;
			files = (
				3CD6C49A2CAF3E4D00AD48C3 /* Repositorio in Resources */,
				3CD6C4AC2CAF3EE300AD48C3 /* Autenticacion in Resources */,
				3CD6C4B42CAF3FE800AD48C3 /* Preview Assets.xcassets in Resources */,
				3CD6C4A72CAF3EB000AD48C3 /* GoogleService-Info.plist in Resources */,
				3CD6C4B22CAF3FC800AD48C3 /* Assets.xcassets in Resources */,
				3CD6C48E2CAF3DA200AD48C3 /* Preview Assets.xcassets in Resources */,
			);
			runOnlyForDeploymentPostprocessing = 0;
		};
/* End PBXResourcesBuildPhase section */

/* Begin PBXSourcesBuildPhase section */
		3CD6C47F2CAF3DA000AD48C3 /* Sources */ = {
			isa = PBXSourcesBuildPhase;
			buildActionMask = 2147483647;
			files = (
				3CD6C4A52CAF3EB000AD48C3 /* Dengue.swift in Sources */,
				3CD6C4902CAF3DA200AD48C3 /* Persistence.swift in Sources */,
				3CD6C4A62CAF3EB000AD48C3 /* ContentView.swift in Sources */,
				3CD6C4A82CAF3EB000AD48C3 /* Consulta.swift in Sources */,
				3CD6C4932CAF3DA200AD48C3 /* Cruz_Roja.xcdatamodeld in Sources */,
				3CD6C4AA2CAF3EDA00AD48C3 /* boton.swift in Sources */,
				3CD6C4A32CAF3EB000AD48C3 /* HomeView.swift in Sources */,
				3CD6C4872CAF3DA000AD48C3 /* Cruz_RojaApp.swift in Sources */,
				3CD6C4A42CAF3EB000AD48C3 /* DismissView.swift in Sources */,
			);
			runOnlyForDeploymentPostprocessing = 0;
		};
/* End PBXSourcesBuildPhase section */

/* Begin XCBuildConfiguration section */
		3CD6C4942CAF3DA200AD48C3 /* Debug */ = {
			isa = XCBuildConfiguration;
			buildSettings = {
				ALWAYS_SEARCH_USER_PATHS = NO;
				CLANG_ANALYZER_NONNULL = YES;
				CLANG_ANALYZER_NUMBER_OBJECT_CONVERSION = YES_AGGRESSIVE;
				CLANG_CXX_LANGUAGE_STANDARD = "gnu++20";
				CLANG_ENABLE_MODULES = YES;
				CLANG_ENABLE_OBJC_ARC = YES;
				CLANG_ENABLE_OBJC_WEAK = YES;
				CLANG_WARN_BLOCK_CAPTURE_AUTORELEASING = YES;
				CLANG_WARN_BOOL_CONVERSION = YES;
				CLANG_WARN_COMMA = YES;
				CLANG_WARN_CONSTANT_CONVERSION = YES;
				CLANG_WARN_DEPRECATED_OBJC_IMPLEMENTATIONS = YES;
				CLANG_WARN_DIRECT_OBJC_ISA_USAGE = YES_ERROR;
				CLANG_WARN_DOCUMENTATION_COMMENTS = YES;
				CLANG_WARN_EMPTY_BODY = YES;
				CLANG_WARN_ENUM_CONVERSION = YES;
				CLANG_WARN_INFINITE_RECURSION = YES;
				CLANG_WARN_INT_CONVERSION = YES;
				CLANG_WARN_NON_LITERAL_NULL_CONVERSION = YES;
				CLANG_WARN_OBJC_IMPLICIT_RETAIN_SELF = YES;
				CLANG_WARN_OBJC_LITERAL_CONVERSION = YES;
				CLANG_WARN_OBJC_ROOT_CLASS = YES_ERROR;
				CLANG_WARN_QUOTED_INCLUDE_IN_FRAMEWORK_HEADER = YES;
				CLANG_WARN_RANGE_LOOP_ANALYSIS = YES;
				CLANG_WARN_STRICT_PROTOTYPES = YES;
				CLANG_WARN_SUSPICIOUS_MOVE = YES;
				CLANG_WARN_UNGUARDED_AVAILABILITY = YES_AGGRESSIVE;
				CLANG_WARN_UNREACHABLE_CODE = YES;
				CLANG_WARN__DUPLICATE_METHOD_MATCH = YES;
				COPY_PHASE_STRIP = NO;
				DEBUG_INFORMATION_FORMAT = dwarf;
				ENABLE_STRICT_OBJC_MSGSEND = YES;
				ENABLE_TESTABILITY = YES;
				GCC_C_LANGUAGE_STANDARD = gnu11;
				GCC_DYNAMIC_NO_PIC = NO;
				GCC_NO_COMMON_BLOCKS = YES;
				GCC_OPTIMIZATION_LEVEL = 0;
				GCC_PREPROCESSOR_DEFINITIONS = (
					"DEBUG=1",
					"$(inherited)",
				);
				GCC_WARN_64_TO_32_BIT_CONVERSION = YES;
				GCC_WARN_ABOUT_RETURN_TYPE = YES_ERROR;
				GCC_WARN_UNDECLARED_SELECTOR = YES;
				GCC_WARN_UNINITIALIZED_AUTOS = YES_AGGRESSIVE;
				GCC_WARN_UNUSED_FUNCTION = YES;
				GCC_WARN_UNUSED_VARIABLE = YES;
				IPHONEOS_DEPLOYMENT_TARGET = 16.4;
				MTL_ENABLE_DEBUG_INFO = INCLUDE_SOURCE;
				MTL_FAST_MATH = YES;
				ONLY_ACTIVE_ARCH = YES;
				SDKROOT = iphoneos;
				SWIFT_ACTIVE_COMPILATION_CONDITIONS = DEBUG;
				SWIFT_OPTIMIZATION_LEVEL = "-Onone";
			};
			name = Debug;
		};
		3CD6C4952CAF3DA200AD48C3 /* Release */ = {
			isa = XCBuildConfiguration;
			buildSettings = {
				ALWAYS_SEARCH_USER_PATHS = NO;
				CLANG_ANALYZER_NONNULL = YES;
				CLANG_ANALYZER_NUMBER_OBJECT_CONVERSION = YES_AGGRESSIVE;
				CLANG_CXX_LANGUAGE_STANDARD = "gnu++20";
				CLANG_ENABLE_MODULES = YES;
				CLANG_ENABLE_OBJC_ARC = YES;
				CLANG_ENABLE_OBJC_WEAK = YES;
				CLANG_WARN_BLOCK_CAPTURE_AUTORELEASING = YES;
				CLANG_WARN_BOOL_CONVERSION = YES;
				CLANG_WARN_COMMA = YES;
				CLANG_WARN_CONSTANT_CONVERSION = YES;
				CLANG_WARN_DEPRECATED_OBJC_IMPLEMENTATIONS = YES;
				CLANG_WARN_DIRECT_OBJC_ISA_USAGE = YES_ERROR;
				CLANG_WARN_DOCUMENTATION_COMMENTS = YES;
				CLANG_WARN_EMPTY_BODY = YES;
				CLANG_WARN_ENUM_CONVERSION = YES;
				CLANG_WARN_INFINITE_RECURSION = YES;
				CLANG_WARN_INT_CONVERSION = YES;
				CLANG_WARN_NON_LITERAL_NULL_CONVERSION = YES;
				CLANG_WARN_OBJC_IMPLICIT_RETAIN_SELF = YES;
				CLANG_WARN_OBJC_LITERAL_CONVERSION = YES;
				CLANG_WARN_OBJC_ROOT_CLASS = YES_ERROR;
				CLANG_WARN_QUOTED_INCLUDE_IN_FRAMEWORK_HEADER = YES;
				CLANG_WARN_RANGE_LOOP_ANALYSIS = YES;
				CLANG_WARN_STRICT_PROTOTYPES = YES;
				CLANG_WARN_SUSPICIOUS_MOVE = YES;
				CLANG_WARN_UNGUARDED_AVAILABILITY = YES_AGGRESSIVE;
				CLANG_WARN_UNREACHABLE_CODE = YES;
				CLANG_WARN__DUPLICATE_METHOD_MATCH = YES;
				COPY_PHASE_STRIP = NO;
				DEBUG_INFORMATION_FORMAT = "dwarf-with-dsym";
				ENABLE_NS_ASSERTIONS = NO;
				ENABLE_STRICT_OBJC_MSGSEND = YES;
				GCC_C_LANGUAGE_STANDARD = gnu11;
				GCC_NO_COMMON_BLOCKS = YES;
				GCC_WARN_64_TO_32_BIT_CONVERSION = YES;
				GCC_WARN_ABOUT_RETURN_TYPE = YES_ERROR;
				GCC_WARN_UNDECLARED_SELECTOR = YES;
				GCC_WARN_UNINITIALIZED_AUTOS = YES_AGGRESSIVE;
				GCC_WARN_UNUSED_FUNCTION = YES;
				GCC_WARN_UNUSED_VARIABLE = YES;
				IPHONEOS_DEPLOYMENT_TARGET = 16.4;
				MTL_ENABLE_DEBUG_INFO = NO;
				MTL_FAST_MATH = YES;
				SDKROOT = iphoneos;
				SWIFT_COMPILATION_MODE = wholemodule;
				SWIFT_OPTIMIZATION_LEVEL = "-O";
				VALIDATE_PRODUCT = YES;
			};
			name = Release;
		};
		3CD6C4972CAF3DA200AD48C3 /* Debug */ = {
			isa = XCBuildConfiguration;
			buildSettings = {
				ASSETCATALOG_COMPILER_APPICON_NAME = AppIcon;
				ASSETCATALOG_COMPILER_GLOBAL_ACCENT_COLOR_NAME = AccentColor;
				CODE_SIGN_STYLE = Automatic;
				CURRENT_PROJECT_VERSION = 1;
				DEVELOPMENT_ASSET_PATHS = "\"Cruz-Roja/Preview Content\"";
				DEVELOPMENT_TEAM = JX5F8T8FWF;
				ENABLE_PREVIEWS = YES;
				GENERATE_INFOPLIST_FILE = YES;
				INFOPLIST_KEY_UIApplicationSceneManifest_Generation = YES;
				INFOPLIST_KEY_UIApplicationSupportsIndirectInputEvents = YES;
				INFOPLIST_KEY_UILaunchScreen_Generation = YES;
				INFOPLIST_KEY_UISupportedInterfaceOrientations_iPad = "UIInterfaceOrientationPortrait UIInterfaceOrientationPortraitUpsideDown UIInterfaceOrientationLandscapeLeft UIInterfaceOrientationLandscapeRight";
				INFOPLIST_KEY_UISupportedInterfaceOrientations_iPhone = "UIInterfaceOrientationPortrait UIInterfaceOrientationLandscapeLeft UIInterfaceOrientationLandscapeRight";
				LD_RUNPATH_SEARCH_PATHS = (
					"$(inherited)",
					"@executable_path/Frameworks",
				);
				MARKETING_VERSION = 1.0;
				PRODUCT_BUNDLE_IDENTIFIER = "UDG.Cruz-Roja";
				PRODUCT_NAME = "$(TARGET_NAME)";
				SWIFT_EMIT_LOC_STRINGS = YES;
				SWIFT_VERSION = 5.0;
				TARGETED_DEVICE_FAMILY = "1,2";
			};
			name = Debug;
		};
		3CD6C4982CAF3DA200AD48C3 /* Release */ = {
			isa = XCBuildConfiguration;
			buildSettings = {
				ASSETCATALOG_COMPILER_APPICON_NAME = AppIcon;
				ASSETCATALOG_COMPILER_GLOBAL_ACCENT_COLOR_NAME = AccentColor;
				CODE_SIGN_STYLE = Automatic;
				CURRENT_PROJECT_VERSION = 1;
				DEVELOPMENT_ASSET_PATHS = "\"Cruz-Roja/Preview Content\"";
				DEVELOPMENT_TEAM = JX5F8T8FWF;
				ENABLE_PREVIEWS = YES;
				GENERATE_INFOPLIST_FILE = YES;
				INFOPLIST_KEY_UIApplicationSceneManifest_Generation = YES;
				INFOPLIST_KEY_UIApplicationSupportsIndirectInputEvents = YES;
				INFOPLIST_KEY_UILaunchScreen_Generation = YES;
				INFOPLIST_KEY_UISupportedInterfaceOrientations_iPad = "UIInterfaceOrientationPortrait UIInterfaceOrientationPortraitUpsideDown UIInterfaceOrientationLandscapeLeft UIInterfaceOrientationLandscapeRight";
				INFOPLIST_KEY_UISupportedInterfaceOrientations_iPhone = "UIInterfaceOrientationPortrait UIInterfaceOrientationLandscapeLeft UIInterfaceOrientationLandscapeRight";
				LD_RUNPATH_SEARCH_PATHS = (
					"$(inherited)",
					"@executable_path/Frameworks",
				);
				MARKETING_VERSION = 1.0;
				PRODUCT_BUNDLE_IDENTIFIER = "UDG.Cruz-Roja";
				PRODUCT_NAME = "$(TARGET_NAME)";
				SWIFT_EMIT_LOC_STRINGS = YES;
				SWIFT_VERSION = 5.0;
				TARGETED_DEVICE_FAMILY = "1,2";
			};
			name = Release;
		};
/* End XCBuildConfiguration section */

/* Begin XCConfigurationList section */
		3CD6C47E2CAF3DA000AD48C3 /* Build configuration list for PBXProject "Cruz-Roja" */ = {
			isa = XCConfigurationList;
			buildConfigurations = (
				3CD6C4942CAF3DA200AD48C3 /* Debug */,
				3CD6C4952CAF3DA200AD48C3 /* Release */,
			);
			defaultConfigurationIsVisible = 0;
			defaultConfigurationName = Release;
		};
		3CD6C4962CAF3DA200AD48C3 /* Build configuration list for PBXNativeTarget "Cruz-Roja" */ = {
			isa = XCConfigurationList;
			buildConfigurations = (
				3CD6C4972CAF3DA200AD48C3 /* Debug */,
				3CD6C4982CAF3DA200AD48C3 /* Release */,
			);
			defaultConfigurationIsVisible = 0;
			defaultConfigurationName = Release;
		};
/* End XCConfigurationList section */

/* Begin XCRemoteSwiftPackageReference section */
		3CD6C4B52CAF418800AD48C3 /* XCRemoteSwiftPackageReference "firebase-ios-sdk" */ = {
			isa = XCRemoteSwiftPackageReference;
			repositoryURL = "https://github.com/firebase/firebase-ios-sdk.git";
			requirement = {
				kind = upToNextMajorVersion;
				minimumVersion = 11.0.0;
			};
		};
/* End XCRemoteSwiftPackageReference section */

/* Begin XCVersionGroup section */
		3CD6C4912CAF3DA200AD48C3 /* Cruz_Roja.xcdatamodeld */ = {
			isa = XCVersionGroup;
			children = (
				3CD6C4922CAF3DA200AD48C3 /* Cruz_Roja.xcdatamodel */,
			);
			currentVersion = 3CD6C4922CAF3DA200AD48C3 /* Cruz_Roja.xcdatamodel */;
			path = Cruz_Roja.xcdatamodeld;
			sourceTree = "<group>";
			versionGroupType = wrapper.xcdatamodel;
		};
/* End XCVersionGroup section */
	};
	rootObject = 3CD6C47B2CAF3DA000AD48C3 /* Project object */;
}
